
Microsoft Visual Studio Solution File, Format Version 12.00
# Visual Studio Version 17
VisualStudioVersion = 17.10.35201.131
MinimumVisualStudioVersion = 10.0.40219.1
Project("{9A19103F-16F7-4668-BE54-9A1E7A4F7556}") = "LMSApi", "LMSApi\LMSApi.csproj", "{22600B17-C3CA-4443-9018-D10071B24947}"
EndProject
Project("{9A19103F-16F7-4668-BE54-9A1E7A4F7556}") = "DataAccessLayer", "DataAccessLayer\DataAccessLayer.csproj", "{41E579BB-97F7-4BA7-847F-1E7C5182EDA8}"
EndProject
Project("{9A19103F-16F7-4668-BE54-9A1E7A4F7556}") = "BusinessLayer", "BusinessLayer\BusinessLayer.csproj", "{1B15B22D-ACD3-4252-BB8E-6578230B974F}"
EndProject
Project("{FAE04EC0-301F-11D3-BF4B-00C04F79EFBC}") = "LMSApi.Tests", "LMSApi.Tests\LMSApi.Tests.csproj", "{91FF50AA-341A-4F4E-808C-EDBA2EA32127}"
EndProject
Global
	GlobalSection(SolutionConfigurationPlatforms) = preSolution
		Debug|Any CPU = Debug|Any CPU
		Release|Any CPU = Release|Any CPU
	EndGlobalSection
	GlobalSection(ProjectConfigurationPlatforms) = postSolution
		{22600B17-C3CA-4443-9018-D10071B24947}.Debug|Any CPU.ActiveCfg = Debug|Any CPU
		{22600B17-C3CA-4443-9018-D10071B24947}.Debug|Any CPU.Build.0 = Debug|Any CPU
		{22600B17-C3CA-4443-9018-D10071B24947}.Release|Any CPU.ActiveCfg = Release|Any CPU
		{22600B17-C3CA-4443-9018-D10071B24947}.Release|Any CPU.Build.0 = Release|Any CPU
		{41E579BB-97F7-4BA7-847F-1E7C5182EDA8}.Debug|Any CPU.ActiveCfg = Debug|Any CPU
		{41E579BB-97F7-4BA7-847F-1E7C5182EDA8}.Debug|Any CPU.Build.0 = Debug|Any CPU
		{41E579BB-97F7-4BA7-847F-1E7C5182EDA8}.Release|Any CPU.ActiveCfg = Release|Any CPU
		{41E579BB-97F7-4BA7-847F-1E7C5182EDA8}.Release|Any CPU.Build.0 = Release|Any CPU
		{1B15B22D-ACD3-4252-BB8E-6578230B974F}.Debug|Any CPU.ActiveCfg = Debug|Any CPU
		{1B15B22D-ACD3-4252-BB8E-6578230B974F}.Debug|Any CPU.Build.0 = Debug|Any CPU
		{1B15B22D-ACD3-4252-BB8E-6578230B974F}.Release|Any CPU.ActiveCfg = Release|Any CPU
		{1B15B22D-ACD3-4252-BB8E-6578230B974F}.Release|Any CPU.Build.0 = Release|Any CPU
		{91FF50AA-341A-4F4E-808C-EDBA2EA32127}.Debug|Any CPU.ActiveCfg = Debug|Any CPU
		{91FF50AA-341A-4F4E-808C-EDBA2EA32127}.Debug|Any CPU.Build.0 = Debug|Any CPU
		{91FF50AA-341A-4F4E-808C-EDBA2EA32127}.Release|Any CPU.ActiveCfg = Release|Any CPU
		{91FF50AA-341A-4F4E-808C-EDBA2EA32127}.Release|Any CPU.Build.0 = Release|Any CPU
	EndGlobalSection
	GlobalSection(SolutionProperties) = preSolution
		HideSolutionNode = FALSE
	EndGlobalSection
	GlobalSection(ExtensibilityGlobals) = postSolution
		SolutionGuid = {79F110B4-5F88-44EE-9B1F-C69094892B5E}
	EndGlobalSection
EndGlobal
